
Microsoft Visual Studio Solution File, Format Version 12.00
# Visual Studio 15
VisualStudioVersion = 15.0.28307.106
MinimumVisualStudioVersion = 10.0.40219.1
Project("{FAE04EC0-301F-11D3-BF4B-00C04F79EFBC}") = "SamplePushApp", "SamplePushApp\SamplePushApp.csproj", "{77B64055-AA8A-4476-B366-044666AE8C37}"
EndProject
Project("{FAE04EC0-301F-11D3-BF4B-00C04F79EFBC}") = "SamplePushApp.Droid", "SamplePushApp.Droid\SamplePushApp.Droid.csproj", "{84817157-3D0F-4776-A431-8ABBCB045107}"
EndProject
Global
	GlobalSection(SolutionConfigurationPlatforms) = preSolution
		Debug|Any CPU = Debug|Any CPU
		Release|Any CPU = Release|Any CPU
	EndGlobalSection
	GlobalSection(ProjectConfigurationPlatforms) = postSolution
		{77B64055-AA8A-4476-B366-044666AE8C37}.Debug|Any CPU.ActiveCfg = Debug|Any CPU
		{77B64055-AA8A-4476-B366-044666AE8C37}.Debug|Any CPU.Build.0 = Debug|Any CPU
		{77B64055-AA8A-4476-B366-044666AE8C37}.Release|Any CPU.ActiveCfg = Release|Any CPU
		{77B64055-AA8A-4476-B366-044666AE8C37}.Release|Any CPU.Build.0 = Release|Any CPU
		{84817157-3D0F-4776-A431-8ABBCB045107}.Debug|Any CPU.ActiveCfg = Debug|Any CPU
		{84817157-3D0F-4776-A431-8ABBCB045107}.Debug|Any CPU.Build.0 = Debug|Any CPU
		{84817157-3D0F-4776-A431-8ABBCB045107}.Debug|Any CPU.Deploy.0 = Debug|Any CPU
		{84817157-3D0F-4776-A431-8ABBCB045107}.Release|Any CPU.ActiveCfg = Release|Any CPU
		{84817157-3D0F-4776-A431-8ABBCB045107}.Release|Any CPU.Build.0 = Release|Any CPU
		{84817157-3D0F-4776-A431-8ABBCB045107}.Release|Any CPU.Deploy.0 = Release|Any CPU
	EndGlobalSection
	GlobalSection(SolutionProperties) = preSolution
		HideSolutionNode = FALSE
	EndGlobalSection
	GlobalSection(ExtensibilityGlobals) = postSolution
		SolutionGuid = {8A1CDF69-47D6-4720-BE78-E5AE5B509CFC}
	EndGlobalSection
EndGlobal
